PODS:
  - FSCalendar (2.8.0)
  - MessageInputBar (0.4.1):
    - MessageInputBar/Core (= 0.4.1)
  - MessageInputBar/Core (0.4.1)
  - MessageKit (2.0.0-beta.1):
    - MessageInputBar/Core

DEPENDENCIES:
  - FSCalendar
  - MessageInputBar (from `https://github.com/MessageKit/MessageInputBar.git`, branch `master`)
  - MessageKit (from `../MessageKit`)

EXTERNAL SOURCES:
  MessageInputBar:
    :branch: master
    :git: https://github.com/MessageKit/MessageInputBar.git
  MessageKit:
    :path: ../MessageKit

CHECKOUT OPTIONS:
  MessageInputBar:
    :commit: faebe27f2dd8f39ea145e75b7296ef48133c099a
    :git: https://github.com/MessageKit/MessageInputBar.git

SPEC CHECKSUMS:
  FSCalendar: 3a5ed3636e2ba1b83ebebfcf0c2603105a6f5efe
  MessageInputBar: e81c7535347f1f7b923de7080409a535a004b6e4
  MessageKit: 70df25cf11d8f2191fbf8e77a9d80b35e80d359d

PODFILE CHECKSUM: 52e6f1f1a721f500a28dd21bae79b0119480f85b

COCOAPODS: 1.4.0
